// !$*UTF8*$!
{
	archiveVersion = 1;
	classes = {
	};
	objectVersion = 50;
	objects = {

/* Begin PBXBuildFile section */
		1EA772675DE96EA01435BB9C /* Pods_NewsAppMVVMTests.framework in Frameworks */ = {isa = PBXBuildFile; fileRef = 2090E8F805BA3C29A48E544D /* Pods_NewsAppMVVMTests.framework */; };
		5B761F0E240D80E800E6019B /* NewsTableViewController.swift in Sources */ = {isa = PBXBuildFile; fileRef = 5B761F0D240D80E800E6019B /* NewsTableViewController.swift */; };
		5B761F11240D884B00E6019B /* Article.swift in Sources */ = {isa = PBXBuildFile; fileRef = 5B761F10240D884B00E6019B /* Article.swift */; };
		5BA1C652240D7F79008F521B /* AppDelegate.swift in Sources */ = {isa = PBXBuildFile; fileRef = 5BA1C651240D7F79008F521B /* AppDelegate.swift */; };
		5BA1C654240D7F79008F521B /* SceneDelegate.swift in Sources */ = {isa = PBXBuildFile; fileRef = 5BA1C653240D7F79008F521B /* SceneDelegate.swift */; };
		5BA1C659240D7F79008F521B /* Main.storyboard in Resources */ = {isa = PBXBuildFile; fileRef = 5BA1C657240D7F79008F521B /* Main.storyboard */; };
		5BA1C65B240D7F7C008F521B /* Assets.xcassets in Resources */ = {isa = PBXBuildFile; fileRef = 5BA1C65A240D7F7C008F521B /* Assets.xcassets */; };
		5BA1C65E240D7F7C008F521B /* LaunchScreen.storyboard in Resources */ = {isa = PBXBuildFile; fileRef = 5BA1C65C240D7F7C008F521B /* LaunchScreen.storyboard */; };
		5BA1C669240D7F7D008F521B /* NewsAppMVVMTests.swift in Sources */ = {isa = PBXBuildFile; fileRef = 5BA1C668240D7F7D008F521B /* NewsAppMVVMTests.swift */; };
		B3CDCEAFD8E2310F68022576 /* Pods_NewsAppMVVM.framework in Frameworks */ = {isa = PBXBuildFile; fileRef = 5ADF99579A98E815A9FAF780 /* Pods_NewsAppMVVM.framework */; };
/* End PBXBuildFile section */

/* Begin PBXContainerItemProxy section */
		5BA1C665240D7F7D008F521B /* PBXContainerItemProxy */ = {
			isa = PBXContainerItemProxy;
			containerPortal = 5BA1C646240D7F79008F521B /* Project object */;
			proxyType = 1;
			remoteGlobalIDString = 5BA1C64D240D7F79008F521B;
			remoteInfo = NewsAppMVVM;
		};
/* End PBXContainerItemProxy section */

/* Begin PBXFileReference section */
		11F85EAF02A3C686A0DA5411 /* Pods-NewsAppMVVMTests.release.xcconfig */ = {isa = PBXFileReference; includeInIndex = 1; lastKnownFileType = text.xcconfig; name = "Pods-NewsAppMVVMTests.release.xcconfig"; path = "Target Support Files/Pods-NewsAppMVVMTests/Pods-NewsAppMVVMTests.release.xcconfig"; sourceTree = "<group>"; };
		2090E8F805BA3C29A48E544D /* Pods_NewsAppMVVMTests.framework */ = {isa = PBXFileReference; explicitFileType = wrapper.framework; includeInIndex = 0; path = Pods_NewsAppMVVMTests.framework; sourceTree = BUILT_PRODUCTS_DIR; };
		47276B62A0D51F6EE1AD9E28 /* Pods-NewsAppMVVM.release.xcconfig */ = {isa = PBXFileReference; includeInIndex = 1; lastKnownFileType = text.xcconfig; name = "Pods-NewsAppMVVM.release.xcconfig"; path = "Target Support Files/Pods-NewsAppMVVM/Pods-NewsAppMVVM.release.xcconfig"; sourceTree = "<group>"; };
		5ADF99579A98E815A9FAF780 /* Pods_NewsAppMVVM.framework */ = {isa = PBXFileReference; explicitFileType = wrapper.framework; includeInIndex = 0; path = Pods_NewsAppMVVM.framework; sourceTree = BUILT_PRODUCTS_DIR; };
		5B761F0D240D80E800E6019B /* NewsTableViewController.swift */ = {isa = PBXFileReference; lastKnownFileType = sourcecode.swift; path = NewsTableViewController.swift; sourceTree = "<group>"; };
		5B761F10240D884B00E6019B /* Article.swift */ = {isa = PBXFileReference; lastKnownFileType = sourcecode.swift; path = Article.swift; sourceTree = "<group>"; };
		5BA1C64E240D7F79008F521B /* NewsAppMVVM.app */ = {isa = PBXFileReference; explicitFileType = wrapper.application; includeInIndex = 0; path = NewsAppMVVM.app; sourceTree = BUILT_PRODUCTS_DIR; };
		5BA1C651240D7F79008F521B /* AppDelegate.swift */ = {isa = PBXFileReference; lastKnownFileType = sourcecode.swift; path = AppDelegate.swift; sourceTree = "<group>"; };
		5BA1C653240D7F79008F521B /* SceneDelegate.swift */ = {isa = PBXFileReference; lastKnownFileType = sourcecode.swift; path = SceneDelegate.swift; sourceTree = "<group>"; };
		5BA1C658240D7F79008F521B /* Base */ = {isa = PBXFileReference; lastKnownFileType = file.storyboard; name = Base; path = Base.lproj/Main.storyboard; sourceTree = "<group>"; };
		5BA1C65A240D7F7C008F521B /* Assets.xcassets */ = {isa = PBXFileReference; lastKnownFileType = folder.assetcatalog; path = Assets.xcassets; sourceTree = "<group>"; };
		5BA1C65D240D7F7C008F521B /* Base */ = {isa = PBXFileReference; lastKnownFileType = file.storyboard; name = Base; path = Base.lproj/LaunchScreen.storyboard; sourceTree = "<group>"; };
		5BA1C65F240D7F7C008F521B /* Info.plist */ = {isa = PBXFileReference; lastKnownFileType = text.plist.xml; path = Info.plist; sourceTree = "<group>"; };
		5BA1C664240D7F7D008F521B /* NewsAppMVVMTests.xctest */ = {isa = PBXFileReference; explicitFileType = wrapper.cfbundle; includeInIndex = 0; path = NewsAppMVVMTests.xctest; sourceTree = BUILT_PRODUCTS_DIR; };
		5BA1C668240D7F7D008F521B /* NewsAppMVVMTests.swift */ = {isa = PBXFileReference; lastKnownFileType = sourcecode.swift; path = NewsAppMVVMTests.swift; sourceTree = "<group>"; };
		5BA1C66A240D7F7D008F521B /* Info.plist */ = {isa = PBXFileReference; lastKnownFileType = text.plist.xml; path = Info.plist; sourceTree = "<group>"; };
		84D97A8376D4C3828D3950F8 /* Pods-NewsAppMVVM.debug.xcconfig */ = {isa = PBXFileReference; includeInIndex = 1; lastKnownFileType = text.xcconfig; name = "Pods-NewsAppMVVM.debug.xcconfig"; path = "Target Support Files/Pods-NewsAppMVVM/Pods-NewsAppMVVM.debug.xcconfig"; sourceTree = "<group>"; };
		D3ED410FF78C442DE0688340 /* Pods-NewsAppMVVMTests.debug.xcconfig */ = {isa = PBXFileReference; includeInIndex = 1; lastKnownFileType = text.xcconfig; name = "Pods-NewsAppMVVMTests.debug.xcconfig"; path = "Target Support Files/Pods-NewsAppMVVMTests/Pods-NewsAppMVVMTests.debug.xcconfig"; sourceTree = "<group>"; };
/* End PBXFileReference section */

/* Begin PBXFrameworksBuildPhase section */
		5BA1C64B240D7F79008F521B /* Frameworks */ = {
			isa = PBXFrameworksBuildPhase;
			buildActionMask = 2147483647;
			files = (
				B3CDCEAFD8E2310F68022576 /* Pods_NewsAppMVVM.framework in Frameworks */,
			);
			runOnlyForDeploymentPostprocessing = 0;
		};
		5BA1C661240D7F7D008F521B /* Frameworks */ = {
			isa = PBXFrameworksBuildPhase;
			buildActionMask = 2147483647;
			files = (
				1EA772675DE96EA01435BB9C /* Pods_NewsAppMVVMTests.framework in Frameworks */,
			);
			runOnlyForDeploymentPostprocessing = 0;
		};
/* End PBXFrameworksBuildPhase section */

/* Begin PBXGroup section */
		5B761F0F240D883A00E6019B /* Models */ = {
			isa = PBXGroup;
			children = (
				5B761F10240D884B00E6019B /* Article.swift */,
			);
			path = Models;
			sourceTree = "<group>";
		};
		5BA1C645240D7F79008F521B = {
			isa = PBXGroup;
			children = (
				5BA1C650240D7F79008F521B /* NewsAppMVVM */,
				5BA1C667240D7F7D008F521B /* NewsAppMVVMTests */,
				5BA1C64F240D7F79008F521B /* Products */,
				C36AB102844E60DC33D00E73 /* Pods */,
				6CB9568BC7A505727F4F9D27 /* Frameworks */,
			);
			sourceTree = "<group>";
		};
		5BA1C64F240D7F79008F521B /* Products */ = {
			isa = PBXGroup;
			children = (
				5BA1C64E240D7F79008F521B /* NewsAppMVVM.app */,
				5BA1C664240D7F7D008F521B /* NewsAppMVVMTests.xctest */,
			);
			name = Products;
			sourceTree = "<group>";
		};
		5BA1C650240D7F79008F521B /* NewsAppMVVM */ = {
			isa = PBXGroup;
			children = (
				5B761F0F240D883A00E6019B /* Models */,
				5BA1C673240D7FCC008F521B /* Controllers */,
				5BA1C651240D7F79008F521B /* AppDelegate.swift */,
				5BA1C653240D7F79008F521B /* SceneDelegate.swift */,
				5BA1C657240D7F79008F521B /* Main.storyboard */,
				5BA1C65A240D7F7C008F521B /* Assets.xcassets */,
				5BA1C65C240D7F7C008F521B /* LaunchScreen.storyboard */,
				5BA1C65F240D7F7C008F521B /* Info.plist */,
			);
			path = NewsAppMVVM;
			sourceTree = "<group>";
		};
		5BA1C667240D7F7D008F521B /* NewsAppMVVMTests */ = {
			isa = PBXGroup;
			children = (
				5BA1C668240D7F7D008F521B /* NewsAppMVVMTests.swift */,
				5BA1C66A240D7F7D008F521B /* Info.plist */,
			);
			path = NewsAppMVVMTests;
			sourceTree = "<group>";
		};
		5BA1C673240D7FCC008F521B /* Controllers */ = {
			isa = PBXGroup;
			children = (
				5B761F0D240D80E800E6019B /* NewsTableViewController.swift */,
			);
			path = Controllers;
			sourceTree = "<group>";
		};
		6CB9568BC7A505727F4F9D27 /* Frameworks */ = {
			isa = PBXGroup;
			children = (
				5ADF99579A98E815A9FAF780 /* Pods_NewsAppMVVM.framework */,
				2090E8F805BA3C29A48E544D /* Pods_NewsAppMVVMTests.framework */,
			);
			name = Frameworks;
			sourceTree = "<group>";
		};
		C36AB102844E60DC33D00E73 /* Pods */ = {
			isa = PBXGroup;
			children = (
				84D97A8376D4C3828D3950F8 /* Pods-NewsAppMVVM.debug.xcconfig */,
				47276B62A0D51F6EE1AD9E28 /* Pods-NewsAppMVVM.release.xcconfig */,
				D3ED410FF78C442DE0688340 /* Pods-NewsAppMVVMTests.debug.xcconfig */,
				11F85EAF02A3C686A0DA5411 /* Pods-NewsAppMVVMTests.release.xcconfig */,
			);
			name = Pods;
			path = Pods;
			sourceTree = "<group>";
		};
/* End PBXGroup section */

/* Begin PBXNativeTarget section */
		5BA1C64D240D7F79008F521B /* NewsAppMVVM */ = {
			isa = PBXNativeTarget;
			buildConfigurationList = 5BA1C66D240D7F7D008F521B /* Build configuration list for PBXNativeTarget "NewsAppMVVM" */;
			buildPhases = (
				CF0864599BA9379FC7021A7D /* [CP] Check Pods Manifest.lock */,
				5BA1C64A240D7F79008F521B /* Sources */,
				5BA1C64B240D7F79008F521B /* Frameworks */,
				5BA1C64C240D7F79008F521B /* Resources */,
				182F43DAC17901FBAF36A0FE /* [CP] Embed Pods Frameworks */,
			);
			buildRules = (
			);
			dependencies = (
			);
			name = NewsAppMVVM;
			productName = NewsAppMVVM;
			productReference = 5BA1C64E240D7F79008F521B /* NewsAppMVVM.app */;
			productType = "com.apple.product-type.application";
		};
		5BA1C663240D7F7D008F521B /* NewsAppMVVMTests */ = {
			isa = PBXNativeTarget;
			buildConfigurationList = 5BA1C670240D7F7D008F521B /* Build configuration list for PBXNativeTarget "NewsAppMVVMTests" */;
			buildPhases = (
				DF2D0740864BB23023E48C37 /* [CP] Check Pods Manifest.lock */,
				5BA1C660240D7F7D008F521B /* Sources */,
				5BA1C661240D7F7D008F521B /* Frameworks */,
				5BA1C662240D7F7D008F521B /* Resources */,
			);
			buildRules = (
			);
			dependencies = (
				5BA1C666240D7F7D008F521B /* PBXTargetDependency */,
			);
			name = NewsAppMVVMTests;
			productName = NewsAppMVVMTests;
			productReference = 5BA1C664240D7F7D008F521B /* NewsAppMVVMTests.xctest */;
			productType = "com.apple.product-type.bundle.unit-test";
		};
/* End PBXNativeTarget section */

/* Begin PBXProject section */
		5BA1C646240D7F79008F521B /* Project object */ = {
			isa = PBXProject;
			attributes = {
				LastSwiftUpdateCheck = 1130;
				LastUpgradeCheck = 1130;
				ORGANIZATIONNAME = "Intuit, Inc.";
				TargetAttributes = {
					5BA1C64D240D7F79008F521B = {
						CreatedOnToolsVersion = 11.3.1;
					};
					5BA1C663240D7F7D008F521B = {
						CreatedOnToolsVersion = 11.3.1;
						TestTargetID = 5BA1C64D240D7F79008F521B;
					};
				};
			};
			buildConfigurationList = 5BA1C649240D7F79008F521B /* Build configuration list for PBXProject "NewsAppMVVM" */;
			compatibilityVersion = "Xcode 9.3";
			developmentRegion = en;
			hasScannedForEncodings = 0;
			knownRegions = (
				en,
				Base,
			);
			mainGroup = 5BA1C645240D7F79008F521B;
			productRefGroup = 5BA1C64F240D7F79008F521B /* Products */;
			projectDirPath = "";
			projectRoot = "";
			targets = (
				5BA1C64D240D7F79008F521B /* NewsAppMVVM */,
				5BA1C663240D7F7D008F521B /* NewsAppMVVMTests */,
			);
		};
/* End PBXProject section */

/* Begin PBXResourcesBuildPhase section */
		5BA1C64C240D7F79008F521B /* Resources */ = {
			isa = PBXResourcesBuildPhase;
			buildActionMask = 2147483647;
			files = (
				5BA1C65E240D7F7C008F521B /* LaunchScreen.storyboard in Resources */,
				5BA1C65B240D7F7C008F521B /* Assets.xcassets in Resources */,
				5BA1C659240D7F79008F521B /* Main.storyboard in Resources */,
			);
			runOnlyForDeploymentPostprocessing = 0;
		};
		5BA1C662240D7F7D008F521B /* Resources */ = {
			isa = PBXResourcesBuildPhase;
			buildActionMask = 2147483647;
			files = (
			);
			runOnlyForDeploymentPostprocessing = 0;
		};
/* End PBXResourcesBuildPhase section */

/* Begin PBXShellScriptBuildPhase section */
		182F43DAC17901FBAF36A0FE /* [CP] Embed Pods Frameworks */ = {
			isa = PBXShellScriptBuildPhase;
			buildActionMask = 2147483647;
			files = (
			);
			inputFileListPaths = (
				"${PODS_ROOT}/Target Support Files/Pods-NewsAppMVVM/Pods-NewsAppMVVM-frameworks-${CONFIGURATION}-input-files.xcfilelist",
			);
			name = "[CP] Embed Pods Frameworks";
			outputFileListPaths = (
				"${PODS_ROOT}/Target Support Files/Pods-NewsAppMVVM/Pods-NewsAppMVVM-frameworks-${CONFIGURATION}-output-files.xcfilelist",
			);
			runOnlyForDeploymentPostprocessing = 0;
			shellPath = /bin/sh;
			shellScript = "\"${PODS_ROOT}/Target Support Files/Pods-NewsAppMVVM/Pods-NewsAppMVVM-frameworks.sh\"\n";
			showEnvVarsInLog = 0;
		};
		CF0864599BA9379FC7021A7D /* [CP] Check Pods Manifest.lock */ = {
			isa = PBXShellScriptBuildPhase;
			buildActionMask = 2147483647;
			files = (
			);
			inputFileListPaths = (
			);
			inputPaths = (
				"${PODS_PODFILE_DIR_PATH}/Podfile.lock",
				"${PODS_ROOT}/Manifest.lock",
			);
			name = "[CP] Check Pods Manifest.lock";
			outputFileListPaths = (
			);
			outputPaths = (
				"$(DERIVED_FILE_DIR)/Pods-NewsAppMVVM-checkManifestLockResult.txt",
			);
			runOnlyForDeploymentPostprocessing = 0;
			shellPath = /bin/sh;
			shellScript = "diff \"${PODS_PODFILE_DIR_PATH}/Podfile.lock\" \"${PODS_ROOT}/Manifest.lock\" > /dev/null\nif [ $? != 0 ] ; then\n    # print error to STDERR\n    echo \"error: The sandbox is not in sync with the Podfile.lock. Run 'pod install' or update your CocoaPods installation.\" >&2\n    exit 1\nfi\n# This output is used by Xcode 'outputs' to avoid re-running this script phase.\necho \"SUCCESS\" > \"${SCRIPT_OUTPUT_FILE_0}\"\n";
			showEnvVarsInLog = 0;
		};
		DF2D0740864BB23023E48C37 /* [CP] Check Pods Manifest.lock */ = {
			isa = PBXShellScriptBuildPhase;
			buildActionMask = 2147483647;
			files = (
			);
			inputFileListPaths = (
			);
			inputPaths = (
				"${PODS_PODFILE_DIR_PATH}/Podfile.lock",
				"${PODS_ROOT}/Manifest.lock",
			);
			name = "[CP] Check Pods Manifest.lock";
			outputFileListPaths = (
			);
			outputPaths = (
				"$(DERIVED_FILE_DIR)/Pods-NewsAppMVVMTests-checkManifestLockResult.txt",
			);
			runOnlyForDeploymentPostprocessing = 0;
			shellPath = /bin/sh;
			shellScript = "diff \"${PODS_PODFILE_DIR_PATH}/Podfile.lock\" \"${PODS_ROOT}/Manifest.lock\" > /dev/null\nif [ $? != 0 ] ; then\n    # print error to STDERR\n    echo \"error: The sandbox is not in sync with the Podfile.lock. Run 'pod install' or update your CocoaPods installation.\" >&2\n    exit 1\nfi\n# This output is used by Xcode 'outputs' to avoid re-running this script phase.\necho \"SUCCESS\" > \"${SCRIPT_OUTPUT_FILE_0}\"\n";
			showEnvVarsInLog = 0;
		};
/* End PBXShellScriptBuildPhase section */

/* Begin PBXSourcesBuildPhase section */
		5BA1C64A240D7F79008F521B /* Sources */ = {
			isa = PBXSourcesBuildPhase;
			buildActionMask = 2147483647;
			files = (
				5B761F11240D884B00E6019B /* Article.swift in Sources */,
				5BA1C652240D7F79008F521B /* AppDelegate.swift in Sources */,
				5BA1C654240D7F79008F521B /* SceneDelegate.swift in Sources */,
				5B761F0E240D80E800E6019B /* NewsTableViewController.swift in Sources */,
			);
			runOnlyForDeploymentPostprocessing = 0;
		};
		5BA1C660240D7F7D008F521B /* Sources */ = {
			isa = PBXSourcesBuildPhase;
			buildActionMask = 2147483647;
			files = (
				5BA1C669240D7F7D008F521B /* NewsAppMVVMTests.swift in Sources */,
			);
			runOnlyForDeploymentPostprocessing = 0;
		};
/* End PBXSourcesBuildPhase section */

/* Begin PBXTargetDependency section */
		5BA1C666240D7F7D008F521B /* PBXTargetDependency */ = {
			isa = PBXTargetDependency;
			target = 5BA1C64D240D7F79008F521B /* NewsAppMVVM */;
			targetProxy = 5BA1C665240D7F7D008F521B /* PBXContainerItemProxy */;
		};
/* End PBXTargetDependency section */

/* Begin PBXVariantGroup section */
		5BA1C657240D7F79008F521B /* Main.storyboard */ = {
			isa = PBXVariantGroup;
			children = (
				5BA1C658240D7F79008F521B /* Base */,
			);
			name = Main.storyboard;
			sourceTree = "<group>";
		};
		5BA1C65C240D7F7C008F521B /* LaunchScreen.storyboard */ = {
			isa = PBXVariantGroup;
			children = (
				5BA1C65D240D7F7C008F521B /* Base */,
			);
			name = LaunchScreen.storyboard;
			sourceTree = "<group>";
		};
/* End PBXVariantGroup section */

/* Begin XCBuildConfiguration section */
		5BA1C66B240D7F7D008F521B /* Debug */ = {
			isa = XCBuildConfiguration;
			buildSettings = {
				ALWAYS_SEARCH_USER_PATHS = NO;
				CLANG_ANALYZER_NONNULL = YES;
				CLANG_ANALYZER_NUMBER_OBJECT_CONVERSION = YES_AGGRESSIVE;
				CLANG_CXX_LANGUAGE_STANDARD = "gnu++14";
				CLANG_CXX_LIBRARY = "libc++";
				CLANG_ENABLE_MODULES = YES;
				CLANG_ENABLE_OBJC_ARC = YES;
				CLANG_ENABLE_OBJC_WEAK = YES;
				CLANG_WARN_BLOCK_CAPTURE_AUTORELEASING = YES;
				CLANG_WARN_BOOL_CONVERSION = YES;
				CLANG_WARN_COMMA = YES;
				CLANG_WARN_CONSTANT_CONVERSION = YES;
				CLANG_WARN_DEPRECATED_OBJC_IMPLEMENTATIONS = YES;
				CLANG_WARN_DIRECT_OBJC_ISA_USAGE = YES_ERROR;
				CLANG_WARN_DOCUMENTATION_COMMENTS = YES;
				CLANG_WARN_EMPTY_BODY = YES;
				CLANG_WARN_ENUM_CONVERSION = YES;
				CLANG_WARN_INFINITE_RECURSION = YES;
				CLANG_WARN_INT_CONVERSION = YES;
				CLANG_WARN_NON_LITERAL_NULL_CONVERSION = YES;
				CLANG_WARN_OBJC_IMPLICIT_RETAIN_SELF = YES;
				CLANG_WARN_OBJC_LITERAL_CONVERSION = YES;
				CLANG_WARN_OBJC_ROOT_CLASS = YES_ERROR;
				CLANG_WARN_RANGE_LOOP_ANALYSIS = YES;
				CLANG_WARN_STRICT_PROTOTYPES = YES;
				CLANG_WARN_SUSPICIOUS_MOVE = YES;
				CLANG_WARN_UNGUARDED_AVAILABILITY = YES_AGGRESSIVE;
				CLANG_WARN_UNREACHABLE_CODE = YES;
				CLANG_WARN__DUPLICATE_METHOD_MATCH = YES;
				COPY_PHASE_STRIP = NO;
				DEBUG_INFORMATION_FORMAT = dwarf;
				ENABLE_STRICT_OBJC_MSGSEND = YES;
				ENABLE_TESTABILITY = YES;
				GCC_C_LANGUAGE_STANDARD = gnu11;
				GCC_DYNAMIC_NO_PIC = NO;
				GCC_NO_COMMON_BLOCKS = YES;
				GCC_OPTIMIZATION_LEVEL = 0;
				GCC_PREPROCESSOR_DEFINITIONS = (
					"DEBUG=1",
					"$(inherited)",
				);
				GCC_WARN_64_TO_32_BIT_CONVERSION = YES;
				GCC_WARN_ABOUT_RETURN_TYPE = YES_ERROR;
				GCC_WARN_UNDECLARED_SELECTOR = YES;
				GCC_WARN_UNINITIALIZED_AUTOS = YES_AGGRESSIVE;
				GCC_WARN_UNUSED_FUNCTION = YES;
				GCC_WARN_UNUSED_VARIABLE = YES;
				IPHONEOS_DEPLOYMENT_TARGET = 13.2;
				MTL_ENABLE_DEBUG_INFO = INCLUDE_SOURCE;
				MTL_FAST_MATH = YES;
				ONLY_ACTIVE_ARCH = YES;
				SDKROOT = iphoneos;
				SWIFT_ACTIVE_COMPILATION_CONDITIONS = DEBUG;
				SWIFT_OPTIMIZATION_LEVEL = "-Onone";
			};
			name = Debug;
		};
		5BA1C66C240D7F7D008F521B /* Release */ = {
			isa = XCBuildConfiguration;
			buildSettings = {
				ALWAYS_SEARCH_USER_PATHS = NO;
				CLANG_ANALYZER_NONNULL = YES;
				CLANG_ANALYZER_NUMBER_OBJECT_CONVERSION = YES_AGGRESSIVE;
				CLANG_CXX_LANGUAGE_STANDARD = "gnu++14";
				CLANG_CXX_LIBRARY = "libc++";
				CLANG_ENABLE_MODULES = YES;
				CLANG_ENABLE_OBJC_ARC = YES;
				CLANG_ENABLE_OBJC_WEAK = YES;
				CLANG_WARN_BLOCK_CAPTURE_AUTORELEASING = YES;
				CLANG_WARN_BOOL_CONVERSION = YES;
				CLANG_WARN_COMMA = YES;
				CLANG_WARN_CONSTANT_CONVERSION = YES;
				CLANG_WARN_DEPRECATED_OBJC_IMPLEMENTATIONS = YES;
				CLANG_WARN_DIRECT_OBJC_ISA_USAGE = YES_ERROR;
				CLANG_WARN_DOCUMENTATION_COMMENTS = YES;
				CLANG_WARN_EMPTY_BODY = YES;
				CLANG_WARN_ENUM_CONVERSION = YES;
				CLANG_WARN_INFINITE_RECURSION = YES;
				CLANG_WARN_INT_CONVERSION = YES;
				CLANG_WARN_NON_LITERAL_NULL_CONVERSION = YES;
				CLANG_WARN_OBJC_IMPLICIT_RETAIN_SELF = YES;
				CLANG_WARN_OBJC_LITERAL_CONVERSION = YES;
				CLANG_WARN_OBJC_ROOT_CLASS = YES_ERROR;
				CLANG_WARN_RANGE_LOOP_ANALYSIS = YES;
				CLANG_WARN_STRICT_PROTOTYPES = YES;
				CLANG_WARN_SUSPICIOUS_MOVE = YES;
				CLANG_WARN_UNGUARDED_AVAILABILITY = YES_AGGRESSIVE;
				CLANG_WARN_UNREACHABLE_CODE = YES;
				CLANG_WARN__DUPLICATE_METHOD_MATCH = YES;
				COPY_PHASE_STRIP = NO;
				DEBUG_INFORMATION_FORMAT = "dwarf-with-dsym";
				ENABLE_NS_ASSERTIONS = NO;
				ENABLE_STRICT_OBJC_MSGSEND = YES;
				GCC_C_LANGUAGE_STANDARD = gnu11;
				GCC_NO_COMMON_BLOCKS = YES;
				GCC_WARN_64_TO_32_BIT_CONVERSION = YES;
				GCC_WARN_ABOUT_RETURN_TYPE = YES_ERROR;
				GCC_WARN_UNDECLARED_SELECTOR = YES;
				GCC_WARN_UNINITIALIZED_AUTOS = YES_AGGRESSIVE;
				GCC_WARN_UNUSED_FUNCTION = YES;
				GCC_WARN_UNUSED_VARIABLE = YES;
				IPHONEOS_DEPLOYMENT_TARGET = 13.2;
				MTL_ENABLE_DEBUG_INFO = NO;
				MTL_FAST_MATH = YES;
				SDKROOT = iphoneos;
				SWIFT_COMPILATION_MODE = wholemodule;
				SWIFT_OPTIMIZATION_LEVEL = "-O";
				VALIDATE_PRODUCT = YES;
			};
			name = Release;
		};
		5BA1C66E240D7F7D008F521B /* Debug */ = {
			isa = XCBuildConfiguration;
			baseConfigurationReference = 84D97A8376D4C3828D3950F8 /* Pods-NewsAppMVVM.debug.xcconfig */;
			buildSettings = {
				ASSETCATALOG_COMPILER_APPICON_NAME = AppIcon;
				CODE_SIGN_STYLE = Automatic;
				INFOPLIST_FILE = NewsAppMVVM/Info.plist;
				LD_RUNPATH_SEARCH_PATHS = (
					"$(inherited)",
					"@executable_path/Frameworks",
				);
				PRODUCT_BUNDLE_IDENTIFIER = com.jv.NewsAppMVVM;
				PRODUCT_NAME = "$(TARGET_NAME)";
				SWIFT_VERSION = 5.0;
				TARGETED_DEVICE_FAMILY = "1,2";
			};
			name = Debug;
		};
		5BA1C66F240D7F7D008F521B /* Release */ = {
			isa = XCBuildConfiguration;
			baseConfigurationReference = 47276B62A0D51F6EE1AD9E28 /* Pods-NewsAppMVVM.release.xcconfig */;
			buildSettings = {
				ASSETCATALOG_COMPILER_APPICON_NAME = AppIcon;
				CODE_SIGN_STYLE = Automatic;
				INFOPLIST_FILE = NewsAppMVVM/Info.plist;
				LD_RUNPATH_SEARCH_PATHS = (
					"$(inherited)",
					"@executable_path/Frameworks",
				);
				PRODUCT_BUNDLE_IDENTIFIER = com.jv.NewsAppMVVM;
				PRODUCT_NAME = "$(TARGET_NAME)";
				SWIFT_VERSION = 5.0;
				TARGETED_DEVICE_FAMILY = "1,2";
			};
			name = Release;
		};
		5BA1C671240D7F7D008F521B /* Debug */ = {
			isa = XCBuildConfiguration;
			baseConfigurationReference = D3ED410FF78C442DE0688340 /* Pods-NewsAppMVVMTests.debug.xcconfig */;
			buildSettings = {
				ALWAYS_EMBED_SWIFT_STANDARD_LIBRARIES = YES;
				BUNDLE_LOADER = "$(TEST_HOST)";
				CODE_SIGN_STYLE = Automatic;
				INFOPLIST_FILE = NewsAppMVVMTests/Info.plist;
				IPHONEOS_DEPLOYMENT_TARGET = 13.2;
				LD_RUNPATH_SEARCH_PATHS = (
					"$(inherited)",
					"@executable_path/Frameworks",
					"@loader_path/Frameworks",
				);
				PRODUCT_BUNDLE_IDENTIFIER = com.jv.NewsAppMVVMTests;
				PRODUCT_NAME = "$(TARGET_NAME)";
				SWIFT_VERSION = 5.0;
				TARGETED_DEVICE_FAMILY = "1,2";
				TEST_HOST = "$(BUILT_PRODUCTS_DIR)/NewsAppMVVM.app/NewsAppMVVM";
			};
			name = Debug;
		};
		5BA1C672240D7F7D008F521B /* Release */ = {
			isa = XCBuildConfiguration;
			baseConfigurationReference = 11F85EAF02A3C686A0DA5411 /* Pods-NewsAppMVVMTests.release.xcconfig */;
			buildSettings = {
				ALWAYS_EMBED_SWIFT_STANDARD_LIBRARIES = YES;
				BUNDLE_LOADER = "$(TEST_HOST)";
				CODE_SIGN_STYLE = Automatic;
				INFOPLIST_FILE = NewsAppMVVMTests/Info.plist;
				IPHONEOS_DEPLOYMENT_TARGET = 13.2;
				LD_RUNPATH_SEARCH_PATHS = (
					"$(inherited)",
					"@executable_path/Frameworks",
					"@loader_path/Frameworks",
				);
				PRODUCT_BUNDLE_IDENTIFIER = com.jv.NewsAppMVVMTests;
				PRODUCT_NAME = "$(TARGET_NAME)";
				SWIFT_VERSION = 5.0;
				TARGETED_DEVICE_FAMILY = "1,2";
				TEST_HOST = "$(BUILT_PRODUCTS_DIR)/NewsAppMVVM.app/NewsAppMVVM";
			};
			name = Release;
		};
/* End XCBuildConfiguration section */

/* Begin XCConfigurationList section */
		5BA1C649240D7F79008F521B /* Build configuration list for PBXProject "NewsAppMVVM" */ = {
			isa = XCConfigurationList;
			buildConfigurations = (
				5BA1C66B240D7F7D008F521B /* Debug */,
				5BA1C66C240D7F7D008F521B /* Release */,
			);
			defaultConfigurationIsVisible = 0;
			defaultConfigurationName = Release;
		};
		5BA1C66D240D7F7D008F521B /* Build configuration list for PBXNativeTarget "NewsAppMVVM" */ = {
			isa = XCConfigurationList;
			buildConfigurations = (
				5BA1C66E240D7F7D008F521B /* Debug */,
				5BA1C66F240D7F7D008F521B /* Release */,
			);
			defaultConfigurationIsVisible = 0;
			defaultConfigurationName = Release;
		};
		5BA1C670240D7F7D008F521B /* Build configuration list for PBXNativeTarget "NewsAppMVVMTests" */ = {
			isa = XCConfigurationList;
			buildConfigurations = (
				5BA1C671240D7F7D008F521B /* Debug */,
				5BA1C672240D7F7D008F521B /* Release */,
			);
			defaultConfigurationIsVisible = 0;
			defaultConfigurationName = Release;
		};
/* End XCConfigurationList section */
	};
	rootObject = 5BA1C646240D7F79008F521B /* Project object */;
}
